
Microsoft Visual Studio Solution File, Format Version 12.00
# Visual Studio Version 16
VisualStudioVersion = 16.0.29613.14
MinimumVisualStudioVersion = 10.0.40219.1
Project("{FAE04EC0-301F-11D3-BF4B-00C04F79EFBC}") = "MakoCelo", "MakoCelo\MakoCelo.csproj", "{89F0E02D-BDAB-00E5-2331-BE5C385E84CE}"
EndProject
Project("{FAE04EC0-301F-11D3-BF4B-00C04F79EFBC}") = "MakoCelo.UnitTests", "MakoCelo.UnitTests\MakoCelo.UnitTests.csproj", "{4D95FD32-A76D-4B6B-A9D0-9A83D51234F6}"
EndProject
Global
	GlobalSection(SolutionConfigurationPlatforms) = preSolution
		Debug|Any CPU = Debug|Any CPU
		Release|Any CPU = Release|Any CPU
	EndGlobalSection
	GlobalSection(ProjectConfigurationPlatforms) = postSolution
		{89F0E02D-BDAB-00E5-2331-BE5C385E84CE}.Debug|Any CPU.ActiveCfg = Debug|Any CPU
		{89F0E02D-BDAB-00E5-2331-BE5C385E84CE}.Debug|Any CPU.Build.0 = Debug|Any CPU
		{89F0E02D-BDAB-00E5-2331-BE5C385E84CE}.Release|Any CPU.ActiveCfg = Release|Any CPU
		{89F0E02D-BDAB-00E5-2331-BE5C385E84CE}.Release|Any CPU.Build.0 = Release|Any CPU
		{4D95FD32-A76D-4B6B-A9D0-9A83D51234F6}.Debug|Any CPU.ActiveCfg = Debug|Any CPU
		{4D95FD32-A76D-4B6B-A9D0-9A83D51234F6}.Debug|Any CPU.Build.0 = Debug|Any CPU
		{4D95FD32-A76D-4B6B-A9D0-9A83D51234F6}.Release|Any CPU.ActiveCfg = Release|Any CPU
		{4D95FD32-A76D-4B6B-A9D0-9A83D51234F6}.Release|Any CPU.Build.0 = Release|Any CPU
	EndGlobalSection
	GlobalSection(SolutionProperties) = preSolution
		HideSolutionNode = FALSE
	EndGlobalSection
	GlobalSection(ExtensibilityGlobals) = postSolution
		SolutionGuid = {027BDEAD-E6AA-42E6-8D9A-3B4B4B646FFA}
	EndGlobalSection
EndGlobal
